// !$*UTF8*$!
{
	archiveVersion = 1;
	classes = {
	};
	objectVersion = 46;
	objects = {

/* Begin PBXBuildFile section */
		A17E92501B0ADFDE009E1701 /* AppDelegate.swift in Sources */ = {isa = PBXBuildFile; fileRef = A17E924F1B0ADFDE009E1701 /* AppDelegate.swift */; };
		A17E92521B0ADFDE009E1701 /* ViewController.swift in Sources */ = {isa = PBXBuildFile; fileRef = A17E92511B0ADFDE009E1701 /* ViewController.swift */; };
		A17E92551B0ADFDE009E1701 /* Main.storyboard in Resources */ = {isa = PBXBuildFile; fileRef = A17E92531B0ADFDE009E1701 /* Main.storyboard */; };
		A17E92571B0ADFDE009E1701 /* Images.xcassets in Resources */ = {isa = PBXBuildFile; fileRef = A17E92561B0ADFDE009E1701 /* Images.xcassets */; };
		A17E925A1B0ADFDE009E1701 /* LaunchScreen.xib in Resources */ = {isa = PBXBuildFile; fileRef = A17E92581B0ADFDE009E1701 /* LaunchScreen.xib */; };
		A17E92661B0ADFDF009E1701 /* mailboxTests.swift in Sources */ = {isa = PBXBuildFile; fileRef = A17E92651B0ADFDF009E1701 /* mailboxTests.swift */; };
		A17E92701B0C0F5B009E1701 /* MailboxViewController.swift in Sources */ = {isa = PBXBuildFile; fileRef = A17E926F1B0C0F5B009E1701 /* MailboxViewController.swift */; };
/* End PBXBuildFile section */

/* Begin PBXContainerItemProxy section */
		A17E92601B0ADFDE009E1701 /* PBXContainerItemProxy */ = {
			isa = PBXContainerItemProxy;
			containerPortal = A17E92421B0ADFDE009E1701 /* Project object */;
			proxyType = 1;
			remoteGlobalIDString = A17E92491B0ADFDE009E1701;
			remoteInfo = mailbox;
		};
/* End PBXContainerItemProxy section */

/* Begin PBXFileReference section */
		A17E924A1B0ADFDE009E1701 /* mailbox.app */ = {isa = PBXFileReference; explicitFileType = wrapper.application; includeInIndex = 0; path = mailbox.app; sourceTree = BUILT_PRODUCTS_DIR; };
		A17E924E1B0ADFDE009E1701 /* Info.plist */ = {isa = PBXFileReference; lastKnownFileType = text.plist.xml; path = Info.plist; sourceTree = "<group>"; };
		A17E924F1B0ADFDE009E1701 /* AppDelegate.swift */ = {isa = PBXFileReference; lastKnownFileType = sourcecode.swift; path = AppDelegate.swift; sourceTree = "<group>"; };
		A17E92511B0ADFDE009E1701 /* ViewController.swift */ = {isa = PBXFileReference; lastKnownFileType = sourcecode.swift; path = ViewController.swift; sourceTree = "<group>"; };
		A17E92541B0ADFDE009E1701 /* Base */ = {isa = PBXFileReference; lastKnownFileType = file.storyboard; name = Base; path = Base.lproj/Main.storyboard; sourceTree = "<group>"; };
		A17E92561B0ADFDE009E1701 /* Images.xcassets */ = {isa = PBXFileReference; lastKnownFileType = folder.assetcatalog; path = Images.xcassets; sourceTree = "<group>"; };
		A17E92591B0ADFDE009E1701 /* Base */ = {isa = PBXFileReference; lastKnownFileType = file.xib; name = Base; path = Base.lproj/LaunchScreen.xib; sourceTree = "<group>"; };
		A17E925F1B0ADFDE009E1701 /* mailboxTests.xctest */ = {isa = PBXFileReference; explicitFileType = wrapper.cfbundle; includeInIndex = 0; path = mailboxTests.xctest; sourceTree = BUILT_PRODUCTS_DIR; };
		A17E92641B0ADFDE009E1701 /* Info.plist */ = {isa = PBXFileReference; lastKnownFileType = text.plist.xml; path = Info.plist; sourceTree = "<group>"; };
		A17E92651B0ADFDF009E1701 /* mailboxTests.swift */ = {isa = PBXFileReference; lastKnownFileType = sourcecode.swift; path = mailboxTests.swift; sourceTree = "<group>"; };
		A17E926F1B0C0F5B009E1701 /* MailboxViewController.swift */ = {isa = PBXFileReference; fileEncoding = 4; lastKnownFileType = sourcecode.swift; path = MailboxViewController.swift; sourceTree = "<group>"; };
/* End PBXFileReference section */

/* Begin PBXFrameworksBuildPhase section */
		A17E92471B0ADFDE009E1701 /* Frameworks */ = {
			isa = PBXFrameworksBuildPhase;
			buildActionMask = 2147483647;
			files = (
			);
			runOnlyForDeploymentPostprocessing = 0;
		};
		A17E925C1B0ADFDE009E1701 /* Frameworks */ = {
			isa = PBXFrameworksBuildPhase;
			buildActionMask = 2147483647;
			files = (
			);
			runOnlyForDeploymentPostprocessing = 0;
		};
/* End PBXFrameworksBuildPhase section */

/* Begin PBXGroup section */
		A17E92411B0ADFDE009E1701 = {
			isa = PBXGroup;
			children = (
				A17E924C1B0ADFDE009E1701 /* mailbox */,
				A17E92621B0ADFDE009E1701 /* mailboxTests */,
				A17E924B1B0ADFDE009E1701 /* Products */,
			);
			sourceTree = "<group>";
		};
		A17E924B1B0ADFDE009E1701 /* Products */ = {
			isa = PBXGroup;
			children = (
				A17E924A1B0ADFDE009E1701 /* mailbox.app */,
				A17E925F1B0ADFDE009E1701 /* mailboxTests.xctest */,
			);
			name = Products;
			sourceTree = "<group>";
		};
		A17E924C1B0ADFDE009E1701 /* mailbox */ = {
			isa = PBXGroup;
			children = (
				A17E924F1B0ADFDE009E1701 /* AppDelegate.swift */,
				A17E92511B0ADFDE009E1701 /* ViewController.swift */,
				A17E92531B0ADFDE009E1701 /* Main.storyboard */,
				A17E926F1B0C0F5B009E1701 /* MailboxViewController.swift */,
				A17E92561B0ADFDE009E1701 /* Images.xcassets */,
				A17E92581B0ADFDE009E1701 /* LaunchScreen.xib */,
				A17E924D1B0ADFDE009E1701 /* Supporting Files */,
			);
			path = mailbox;
			sourceTree = "<group>";
		};
		A17E924D1B0ADFDE009E1701 /* Supporting Files */ = {
			isa = PBXGroup;
			children = (
				A17E924E1B0ADFDE009E1701 /* Info.plist */,
			);
			name = "Supporting Files";
			sourceTree = "<group>";
		};
		A17E92621B0ADFDE009E1701 /* mailboxTests */ = {
			isa = PBXGroup;
			children = (
				A17E92651B0ADFDF009E1701 /* mailboxTests.swift */,
				A17E92631B0ADFDE009E1701 /* Supporting Files */,
			);
			path = mailboxTests;
			sourceTree = "<group>";
		};
		A17E92631B0ADFDE009E1701 /* Supporting Files */ = {
			isa = PBXGroup;
			children = (
				A17E92641B0ADFDE009E1701 /* Info.plist */,
			);
			name = "Supporting Files";
			sourceTree = "<group>";
		};
/* End PBXGroup section */

/* Begin PBXNativeTarget section */
		A17E92491B0ADFDE009E1701 /* mailbox */ = {
			isa = PBXNativeTarget;
			buildConfigurationList = A17E92691B0ADFDF009E1701 /* Build configuration list for PBXNativeTarget "mailbox" */;
			buildPhases = (
				A17E92461B0ADFDE009E1701 /* Sources */,
				A17E92471B0ADFDE009E1701 /* Frameworks */,
				A17E92481B0ADFDE009E1701 /* Resources */,
			);
			buildRules = (
			);
			dependencies = (
			);
			name = mailbox;
			productName = mailbox;
			productReference = A17E924A1B0ADFDE009E1701 /* mailbox.app */;
			productType = "com.apple.product-type.application";
		};
		A17E925E1B0ADFDE009E1701 /* mailboxTests */ = {
			isa = PBXNativeTarget;
			buildConfigurationList = A17E926C1B0ADFDF009E1701 /* Build configuration list for PBXNativeTarget "mailboxTests" */;
			buildPhases = (
				A17E925B1B0ADFDE009E1701 /* Sources */,
				A17E925C1B0ADFDE009E1701 /* Frameworks */,
				A17E925D1B0ADFDE009E1701 /* Resources */,
			);
			buildRules = (
			);
			dependencies = (
				A17E92611B0ADFDE009E1701 /* PBXTargetDependency */,
			);
			name = mailboxTests;
			productName = mailboxTests;
			productReference = A17E925F1B0ADFDE009E1701 /* mailboxTests.xctest */;
			productType = "com.apple.product-type.bundle.unit-test";
		};
/* End PBXNativeTarget section */

/* Begin PBXProject section */
		A17E92421B0ADFDE009E1701 /* Project object */ = {
			isa = PBXProject;
			attributes = {
				LastUpgradeCheck = 0630;
				ORGANIZATIONNAME = "Melissa Boucher";
				TargetAttributes = {
					A17E92491B0ADFDE009E1701 = {
						CreatedOnToolsVersion = 6.3.1;
					};
					A17E925E1B0ADFDE009E1701 = {
						CreatedOnToolsVersion = 6.3.1;
						TestTargetID = A17E92491B0ADFDE009E1701;
					};
				};
			};
			buildConfigurationList = A17E92451B0ADFDE009E1701 /* Build configuration list for PBXProject "mailbox" */;
			compatibilityVersion = "Xcode 3.2";
			developmentRegion = English;
			hasScannedForEncodings = 0;
			knownRegions = (
				en,
				Base,
			);
			mainGroup = A17E92411B0ADFDE009E1701;
			productRefGroup = A17E924B1B0ADFDE009E1701 /* Products */;
			projectDirPath = "";
			projectRoot = "";
			targets = (
				A17E92491B0ADFDE009E1701 /* mailbox */,
				A17E925E1B0ADFDE009E1701 /* mailboxTests */,
			);
		};
/* End PBXProject section */

/* Begin PBXResourcesBuildPhase section */
		A17E92481B0ADFDE009E1701 /* Resources */ = {
			isa = PBXResourcesBuildPhase;
			buildActionMask = 2147483647;
			files = (
				A17E92551B0ADFDE009E1701 /* Main.storyboard in Resources */,
				A17E925A1B0ADFDE009E1701 /* LaunchScreen.xib in Resources */,
				A17E92571B0ADFDE009E1701 /* Images.xcassets in Resources */,
			);
			runOnlyForDeploymentPostprocessing = 0;
		};
		A17E925D1B0ADFDE009E1701 /* Resources */ = {
			isa = PBXResourcesBuildPhase;
			buildActionMask = 2147483647;
			files = (
			);
			runOnlyForDeploymentPostprocessing = 0;
		};
/* End PBXResourcesBuildPhase section */

/* Begin PBXSourcesBuildPhase section */
		A17E92461B0ADFDE009E1701 /* Sources */ = {
			isa = PBXSourcesBuildPhase;
			buildActionMask = 2147483647;
			files = (
				A17E92521B0ADFDE009E1701 /* ViewController.swift in Sources */,
				A17E92501B0ADFDE009E1701 /* AppDelegate.swift in Sources */,
				A17E92701B0C0F5B009E1701 /* MailboxViewController.swift in Sources */,
			);
			runOnlyForDeploymentPostprocessing = 0;
		};
		A17E925B1B0ADFDE009E1701 /* Sources */ = {
			isa = PBXSourcesBuildPhase;
			buildActionMask = 2147483647;
			files = (
				A17E92661B0ADFDF009E1701 /* mailboxTests.swift in Sources */,
			);
			runOnlyForDeploymentPostprocessing = 0;
		};
/* End PBXSourcesBuildPhase section */

/* Begin PBXTargetDependency section */
		A17E92611B0ADFDE009E1701 /* PBXTargetDependency */ = {
			isa = PBXTargetDependency;
			target = A17E92491B0ADFDE009E1701 /* mailbox */;
			targetProxy = A17E92601B0ADFDE009E1701 /* PBXContainerItemProxy */;
		};
/* End PBXTargetDependency section */

/* Begin PBXVariantGroup section */
		A17E92531B0ADFDE009E1701 /* Main.storyboard */ = {
			isa = PBXVariantGroup;
			children = (
				A17E92541B0ADFDE009E1701 /* Base */,
			);
			name = Main.storyboard;
			sourceTree = "<group>";
		};
		A17E92581B0ADFDE009E1701 /* LaunchScreen.xib */ = {
			isa = PBXVariantGroup;
			children = (
				A17E92591B0ADFDE009E1701 /* Base */,
			);
			name = LaunchScreen.xib;
			sourceTree = "<group>";
		};
/* End PBXVariantGroup section */

/* Begin XCBuildConfiguration section */
		A17E92671B0ADFDF009E1701 /* Debug */ = {
			isa = XCBuildConfiguration;
			buildSettings = {
				ALWAYS_SEARCH_USER_PATHS = NO;
				CLANG_CXX_LANGUAGE_STANDARD = "gnu++0x";
				CLANG_CXX_LIBRARY = "libc++";
				CLANG_ENABLE_MODULES = YES;
				CLANG_ENABLE_OBJC_ARC = YES;
				CLANG_WARN_BOOL_CONVERSION = YES;
				CLANG_WARN_CONSTANT_CONVERSION = YES;
				CLANG_WARN_DIRECT_OBJC_ISA_USAGE = YES_ERROR;
				CLANG_WARN_EMPTY_BODY = YES;
				CLANG_WARN_ENUM_CONVERSION = YES;
				CLANG_WARN_INT_CONVERSION = YES;
				CLANG_WARN_OBJC_ROOT_CLASS = YES_ERROR;
				CLANG_WARN_UNREACHABLE_CODE = YES;
				CLANG_WARN__DUPLICATE_METHOD_MATCH = YES;
				"CODE_SIGN_IDENTITY[sdk=iphoneos*]" = "iPhone Developer";
				COPY_PHASE_STRIP = NO;
				DEBUG_INFORMATION_FORMAT = "dwarf-with-dsym";
				ENABLE_STRICT_OBJC_MSGSEND = YES;
				GCC_C_LANGUAGE_STANDARD = gnu99;
				GCC_DYNAMIC_NO_PIC = NO;
				GCC_NO_COMMON_BLOCKS = YES;
				GCC_OPTIMIZATION_LEVEL = 0;
				GCC_PREPROCESSOR_DEFINITIONS = (
					"DEBUG=1",
					"$(inherited)",
				);
				GCC_SYMBOLS_PRIVATE_EXTERN = NO;
				GCC_WARN_64_TO_32_BIT_CONVERSION = YES;
				GCC_WARN_ABOUT_RETURN_TYPE = YES_ERROR;
				GCC_WARN_UNDECLARED_SELECTOR = YES;
				GCC_WARN_UNINITIALIZED_AUTOS = YES_AGGRESSIVE;
				GCC_WARN_UNUSED_FUNCTION = YES;
				GCC_WARN_UNUSED_VARIABLE = YES;
				IPHONEOS_DEPLOYMENT_TARGET = 8.3;
				MTL_ENABLE_DEBUG_INFO = YES;
				ONLY_ACTIVE_ARCH = YES;
				SDKROOT = iphoneos;
				SWIFT_OPTIMIZATION_LEVEL = "-Onone";
			};
			name = Debug;
		};
		A17E92681B0ADFDF009E1701 /* Release */ = {
			isa = XCBuildConfiguration;
			buildSettings = {
				ALWAYS_SEARCH_USER_PATHS = NO;
				CLANG_CXX_LANGUAGE_STANDARD = "gnu++0x";
				CLANG_CXX_LIBRARY = "libc++";
				CLANG_ENABLE_MODULES = YES;
				CLANG_ENABLE_OBJC_ARC = YES;
				CLANG_WARN_BOOL_CONVERSION = YES;
				CLANG_WARN_CONSTANT_CONVERSION = YES;
				CLANG_WARN_DIRECT_OBJC_ISA_USAGE = YES_ERROR;
				CLANG_WARN_EMPTY_BODY = YES;
				CLANG_WARN_ENUM_CONVERSION = YES;
				CLANG_WARN_INT_CONVERSION = YES;
				CLANG_WARN_OBJC_ROOT_CLASS = YES_ERROR;
				CLANG_WARN_UNREACHABLE_CODE = YES;
				CLANG_WARN__DUPLICATE_METHOD_MATCH = YES;
				"CODE_SIGN_IDENTITY[sdk=iphoneos*]" = "iPhone Developer";
				COPY_PHASE_STRIP = NO;
				DEBUG_INFORMATION_FORMAT = "dwarf-with-dsym";
				ENABLE_NS_ASSERTIONS = NO;
				ENABLE_STRICT_OBJC_MSGSEND = YES;
				GCC_C_LANGUAGE_STANDARD = gnu99;
				GCC_NO_COMMON_BLOCKS = YES;
				GCC_WARN_64_TO_32_BIT_CONVERSION = YES;
				GCC_WARN_ABOUT_RETURN_TYPE = YES_ERROR;
				GCC_WARN_UNDECLARED_SELECTOR = YES;
				GCC_WARN_UNINITIALIZED_AUTOS = YES_AGGRESSIVE;
				GCC_WARN_UNUSED_FUNCTION = YES;
				GCC_WARN_UNUSED_VARIABLE = YES;
				IPHONEOS_DEPLOYMENT_TARGET = 8.3;
				MTL_ENABLE_DEBUG_INFO = NO;
				SDKROOT = iphoneos;
				VALIDATE_PRODUCT = YES;
			};
			name = Release;
		};
		A17E926A1B0ADFDF009E1701 /* Debug */ = {
			isa = XCBuildConfiguration;
			buildSettings = {
				ASSETCATALOG_COMPILER_APPICON_NAME = AppIcon;
				ASSETCATALOG_COMPILER_LAUNCHIMAGE_NAME = LaunchImage;
				INFOPLIST_FILE = mailbox/Info.plist;
				LD_RUNPATH_SEARCH_PATHS = "$(inherited) @executable_path/Frameworks";
				PRODUCT_NAME = "$(TARGET_NAME)";
			};
			name = Debug;
		};
		A17E926B1B0ADFDF009E1701 /* Release */ = {
			isa = XCBuildConfiguration;
			buildSettings = {
				ASSETCATALOG_COMPILER_APPICON_NAME = AppIcon;
				ASSETCATALOG_COMPILER_LAUNCHIMAGE_NAME = LaunchImage;
				INFOPLIST_FILE = mailbox/Info.plist;
				LD_RUNPATH_SEARCH_PATHS = "$(inherited) @executable_path/Frameworks";
				PRODUCT_NAME = "$(TARGET_NAME)";
			};
			name = Release;
		};
		A17E926D1B0ADFDF009E1701 /* Debug */ = {
			isa = XCBuildConfiguration;
			buildSettings = {
				BUNDLE_LOADER = "$(TEST_HOST)";
				FRAMEWORK_SEARCH_PATHS = (
					"$(SDKROOT)/Developer/Library/Frameworks",
					"$(inherited)",
				);
				GCC_PREPROCESSOR_DEFINITIONS = (
					"DEBUG=1",
					"$(inherited)",
				);
				INFOPLIST_FILE = mailboxTests/Info.plist;
				LD_RUNPATH_SEARCH_PATHS = "$(inherited) @executable_path/Frameworks @loader_path/Frameworks";
				PRODUCT_NAME = "$(TARGET_NAME)";
				TEST_HOST = "$(BUILT_PRODUCTS_DIR)/mailbox.app/mailbox";
			};
			name = Debug;
		};
		A17E926E1B0ADFDF009E1701 /* Release */ = {
			isa = XCBuildConfiguration;
			buildSettings = {
				BUNDLE_LOADER = "$(TEST_HOST)";
				FRAMEWORK_SEARCH_PATHS = (
					"$(SDKROOT)/Developer/Library/Frameworks",
					"$(inherited)",
				);
				INFOPLIST_FILE = mailboxTests/Info.plist;
				LD_RUNPATH_SEARCH_PATHS = "$(inherited) @executable_path/Frameworks @loader_path/Frameworks";
				PRODUCT_NAME = "$(TARGET_NAME)";
				TEST_HOST = "$(BUILT_PRODUCTS_DIR)/mailbox.app/mailbox";
			};
			name = Release;
		};
/* End XCBuildConfiguration section */

/* Begin XCConfigurationList section */
		A17E92451B0ADFDE009E1701 /* Build configuration list for PBXProject "mailbox" */ = {
			isa = XCConfigurationList;
			buildConfigurations = (
				A17E92671B0ADFDF009E1701 /* Debug */,
				A17E92681B0ADFDF009E1701 /* Release */,
			);
			defaultConfigurationIsVisible = 0;
			defaultConfigurationName = Release;
		};
		A17E92691B0ADFDF009E1701 /* Build configuration list for PBXNativeTarget "mailbox" */ = {
			isa = XCConfigurationList;
			buildConfigurations = (
				A17E926A1B0ADFDF009E1701 /* Debug */,
				A17E926B1B0ADFDF009E1701 /* Release */,
			);
			defaultConfigurationIsVisible = 0;
		};
		A17E926C1B0ADFDF009E1701 /* Build configuration list for PBXNativeTarget "mailboxTests" */ = {
			isa = XCConfigurationList;
			buildConfigurations = (
				A17E926D1B0ADFDF009E1701 /* Debug */,
				A17E926E1B0ADFDF009E1701 /* Release */,
			);
			defaultConfigurationIsVisible = 0;
		};
/* End XCConfigurationList section */
	};
	rootObject = A17E92421B0ADFDE009E1701 /* Project object */;
}
